// !$*UTF8*$!
{
	archiveVersion = 1;
	classes = {
	};
	objectVersion = 46;
	objects = {

/* Begin PBXBuildFile section */
		1506606F1F6F7F0D00BC5364 /* AppDelegate.swift in Sources */ = {isa = PBXBuildFile; fileRef = 1506606D1F6F7F0D00BC5364 /* AppDelegate.swift */; };
		150660781F6F7F1400BC5364 /* Assets.xcassets in Resources */ = {isa = PBXBuildFile; fileRef = 150660721F6F7F1400BC5364 /* Assets.xcassets */; };
		150660791F6F7F1400BC5364 /* LaunchScreen.storyboard in Resources */ = {isa = PBXBuildFile; fileRef = 150660731F6F7F1400BC5364 /* LaunchScreen.storyboard */; };
		1506607A1F6F7F1400BC5364 /* Main.storyboard in Resources */ = {isa = PBXBuildFile; fileRef = 150660751F6F7F1400BC5364 /* Main.storyboard */; };
		150660801F6F7F4A00BC5364 /* SpotifyAudioPlayback.framework in Frameworks */ = {isa = PBXBuildFile; fileRef = 1506607D1F6F7F4A00BC5364 /* SpotifyAudioPlayback.framework */; };
		150660811F6F7F4A00BC5364 /* SpotifyAuthentication.framework in Frameworks */ = {isa = PBXBuildFile; fileRef = 1506607E1F6F7F4A00BC5364 /* SpotifyAuthentication.framework */; };
		150660821F6F7F4A00BC5364 /* SpotifyMetadata.framework in Frameworks */ = {isa = PBXBuildFile; fileRef = 1506607F1F6F7F4A00BC5364 /* SpotifyMetadata.framework */; };
		15FA7CE31F6F84E200DA3695 /* Info.plist in Resources */ = {isa = PBXBuildFile; fileRef = 15FA7CE21F6F84E200DA3695 /* Info.plist */; };
		C280C38C1F700B8F004C8DA5 /* MediaPlayer.swift in Sources */ = {isa = PBXBuildFile; fileRef = C280C38B1F700B8F004C8DA5 /* MediaPlayer.swift */; };
		C2A45F6F1F6FFBEC00143491 /* LoginViewController.swift in Sources */ = {isa = PBXBuildFile; fileRef = C2A45F6E1F6FFBEC00143491 /* LoginViewController.swift */; };
		C2A45F711F6FFCE600143491 /* UIColor.swift in Sources */ = {isa = PBXBuildFile; fileRef = C2A45F701F6FFCE600143491 /* UIColor.swift */; };
		FCFBEDED70589C8A0A721E4F /* Pods_Greencopper_Spotify_Test.framework in Frameworks */ = {isa = PBXBuildFile; fileRef = 32A70276965AAA96D1D01E9A /* Pods_Greencopper_Spotify_Test.framework */; };
/* End PBXBuildFile section */

/* Begin PBXFileReference section */
		008668DDBA9718EBA0794A78 /* Pods-Greencopper Spotify Test.release.xcconfig */ = {isa = PBXFileReference; includeInIndex = 1; lastKnownFileType = text.xcconfig; name = "Pods-Greencopper Spotify Test.release.xcconfig"; path = "Pods/Target Support Files/Pods-Greencopper Spotify Test/Pods-Greencopper Spotify Test.release.xcconfig"; sourceTree = "<group>"; };
		150660571F6F6D4700BC5364 /* Greencopper Spotify Test.app */ = {isa = PBXFileReference; explicitFileType = wrapper.application; includeInIndex = 0; path = "Greencopper Spotify Test.app"; sourceTree = BUILT_PRODUCTS_DIR; };
		1506606D1F6F7F0D00BC5364 /* AppDelegate.swift */ = {isa = PBXFileReference; fileEncoding = 4; lastKnownFileType = sourcecode.swift; path = AppDelegate.swift; sourceTree = "<group>"; };
		150660721F6F7F1400BC5364 /* Assets.xcassets */ = {isa = PBXFileReference; lastKnownFileType = folder.assetcatalog; path = Assets.xcassets; sourceTree = "<group>"; };
		150660741F6F7F1400BC5364 /* Base */ = {isa = PBXFileReference; lastKnownFileType = file.storyboard; name = Base; path = Base.lproj/LaunchScreen.storyboard; sourceTree = "<group>"; };
		150660761F6F7F1400BC5364 /* Base */ = {isa = PBXFileReference; lastKnownFileType = file.storyboard; name = Base; path = Base.lproj/Main.storyboard; sourceTree = "<group>"; };
		1506607D1F6F7F4A00BC5364 /* SpotifyAudioPlayback.framework */ = {isa = PBXFileReference; lastKnownFileType = wrapper.framework; path = SpotifyAudioPlayback.framework; sourceTree = "<group>"; };
		1506607E1F6F7F4A00BC5364 /* SpotifyAuthentication.framework */ = {isa = PBXFileReference; lastKnownFileType = wrapper.framework; path = SpotifyAuthentication.framework; sourceTree = "<group>"; };
		1506607F1F6F7F4A00BC5364 /* SpotifyMetadata.framework */ = {isa = PBXFileReference; lastKnownFileType = wrapper.framework; path = SpotifyMetadata.framework; sourceTree = "<group>"; };
		150660831F6F81A600BC5364 /* Greencopper Spotify Test-Bridging-Header.h */ = {isa = PBXFileReference; lastKnownFileType = sourcecode.c.h; path = "Greencopper Spotify Test-Bridging-Header.h"; sourceTree = "<group>"; };
		15FA7CE21F6F84E200DA3695 /* Info.plist */ = {isa = PBXFileReference; fileEncoding = 4; lastKnownFileType = text.plist.xml; path = Info.plist; sourceTree = "<group>"; };
		164F326A92F9B9E7E423CAFB /* Pods-Greencopper Spotify Test.debug.xcconfig */ = {isa = PBXFileReference; includeInIndex = 1; lastKnownFileType = text.xcconfig; name = "Pods-Greencopper Spotify Test.debug.xcconfig"; path = "Pods/Target Support Files/Pods-Greencopper Spotify Test/Pods-Greencopper Spotify Test.debug.xcconfig"; sourceTree = "<group>"; };
		32A70276965AAA96D1D01E9A /* Pods_Greencopper_Spotify_Test.framework */ = {isa = PBXFileReference; explicitFileType = wrapper.framework; includeInIndex = 0; path = Pods_Greencopper_Spotify_Test.framework; sourceTree = BUILT_PRODUCTS_DIR; };
		C280C38B1F700B8F004C8DA5 /* MediaPlayer.swift */ = {isa = PBXFileReference; fileEncoding = 4; lastKnownFileType = sourcecode.swift; path = MediaPlayer.swift; sourceTree = "<group>"; };
		C2A45F6E1F6FFBEC00143491 /* LoginViewController.swift */ = {isa = PBXFileReference; fileEncoding = 4; lastKnownFileType = sourcecode.swift; path = LoginViewController.swift; sourceTree = "<group>"; };
		C2A45F701F6FFCE600143491 /* UIColor.swift */ = {isa = PBXFileReference; fileEncoding = 4; lastKnownFileType = sourcecode.swift; path = UIColor.swift; sourceTree = "<group>"; };
/* End PBXFileReference section */

/* Begin PBXFrameworksBuildPhase section */
		150660541F6F6D4700BC5364 /* Frameworks */ = {
			isa = PBXFrameworksBuildPhase;
			buildActionMask = 2147483647;
			files = (
				150660801F6F7F4A00BC5364 /* SpotifyAudioPlayback.framework in Frameworks */,
				150660821F6F7F4A00BC5364 /* SpotifyMetadata.framework in Frameworks */,
				150660811F6F7F4A00BC5364 /* SpotifyAuthentication.framework in Frameworks */,
				FCFBEDED70589C8A0A721E4F /* Pods_Greencopper_Spotify_Test.framework in Frameworks */,
			);
			runOnlyForDeploymentPostprocessing = 0;
		};
/* End PBXFrameworksBuildPhase section */

/* Begin PBXGroup section */
		1506604E1F6F6D4700BC5364 = {
			isa = PBXGroup;
			children = (
				150660591F6F6D4700BC5364 /* Greencopper Spotify Test */,
				150660581F6F6D4700BC5364 /* Products */,
				2336C0F71830D552A9A73E12 /* Pods */,
				E08AEAD9D886E30F8EF72715 /* Frameworks */,
			);
			sourceTree = "<group>";
		};
		150660581F6F6D4700BC5364 /* Products */ = {
			isa = PBXGroup;
			children = (
				150660571F6F6D4700BC5364 /* Greencopper Spotify Test.app */,
			);
			name = Products;
			sourceTree = "<group>";
		};
		150660591F6F6D4700BC5364 /* Greencopper Spotify Test */ = {
			isa = PBXGroup;
			children = (
				1506606C1F6F7F0D00BC5364 /* Source */,
				150660711F6F7F1400BC5364 /* Resources */,
				1506607C1F6F7F4A00BC5364 /* Frameworks */,
			);
			path = "Greencopper Spotify Test";
			sourceTree = "<group>";
		};
		1506606C1F6F7F0D00BC5364 /* Source */ = {
			isa = PBXGroup;
			children = (
				1506606D1F6F7F0D00BC5364 /* AppDelegate.swift */,
				C2A45F6E1F6FFBEC00143491 /* LoginViewController.swift */,
				C280C38B1F700B8F004C8DA5 /* MediaPlayer.swift */,
				C2A45F701F6FFCE600143491 /* UIColor.swift */,
				150660831F6F81A600BC5364 /* Greencopper Spotify Test-Bridging-Header.h */,
			);
			path = Source;
			sourceTree = "<group>";
		};
		150660711F6F7F1400BC5364 /* Resources */ = {
			isa = PBXGroup;
			children = (
				150660721F6F7F1400BC5364 /* Assets.xcassets */,
				150660731F6F7F1400BC5364 /* LaunchScreen.storyboard */,
				150660751F6F7F1400BC5364 /* Main.storyboard */,
				15FA7CE21F6F84E200DA3695 /* Info.plist */,
			);
			path = Resources;
			sourceTree = "<group>";
		};
		1506607C1F6F7F4A00BC5364 /* Frameworks */ = {
			isa = PBXGroup;
			children = (
				1506607D1F6F7F4A00BC5364 /* SpotifyAudioPlayback.framework */,
				1506607E1F6F7F4A00BC5364 /* SpotifyAuthentication.framework */,
				1506607F1F6F7F4A00BC5364 /* SpotifyMetadata.framework */,
			);
			path = Frameworks;
			sourceTree = "<group>";
		};
		2336C0F71830D552A9A73E12 /* Pods */ = {
			isa = PBXGroup;
			children = (
				164F326A92F9B9E7E423CAFB /* Pods-Greencopper Spotify Test.debug.xcconfig */,
				008668DDBA9718EBA0794A78 /* Pods-Greencopper Spotify Test.release.xcconfig */,
			);
			name = Pods;
			sourceTree = "<group>";
		};
		E08AEAD9D886E30F8EF72715 /* Frameworks */ = {
			isa = PBXGroup;
			children = (
				32A70276965AAA96D1D01E9A /* Pods_Greencopper_Spotify_Test.framework */,
			);
			name = Frameworks;
			sourceTree = "<group>";
		};
/* End PBXGroup section */

/* Begin PBXNativeTarget section */
		150660561F6F6D4700BC5364 /* Greencopper Spotify Test */ = {
			isa = PBXNativeTarget;
			buildConfigurationList = 150660691F6F6D4700BC5364 /* Build configuration list for PBXNativeTarget "Greencopper Spotify Test" */;
			buildPhases = (
				0F9C602DBECE9123C9F26725 /* [CP] Check Pods Manifest.lock */,
				150660531F6F6D4700BC5364 /* Sources */,
				150660541F6F6D4700BC5364 /* Frameworks */,
				150660551F6F6D4700BC5364 /* Resources */,
				E56C796968B5A1F8BBB66562 /* [CP] Embed Pods Frameworks */,
				19A4568E790BB562E6E42451 /* [CP] Copy Pods Resources */,
			);
			buildRules = (
			);
			dependencies = (
			);
			name = "Greencopper Spotify Test";
			productName = "Greencopper Spotify Test";
			productReference = 150660571F6F6D4700BC5364 /* Greencopper Spotify Test.app */;
			productType = "com.apple.product-type.application";
		};
/* End PBXNativeTarget section */

/* Begin PBXProject section */
		1506604F1F6F6D4700BC5364 /* Project object */ = {
			isa = PBXProject;
			attributes = {
				LastSwiftUpdateCheck = 0830;
				LastUpgradeCheck = 0830;
				ORGANIZATIONNAME = Wojtek;
				TargetAttributes = {
					150660561F6F6D4700BC5364 = {
						CreatedOnToolsVersion = 8.3.3;
						LastSwiftMigration = 0830;
						ProvisioningStyle = Automatic;
					};
				};
			};
			buildConfigurationList = 150660521F6F6D4700BC5364 /* Build configuration list for PBXProject "Greencopper Spotify Test" */;
			compatibilityVersion = "Xcode 3.2";
			developmentRegion = English;
			hasScannedForEncodings = 0;
			knownRegions = (
				en,
				Base,
			);
			mainGroup = 1506604E1F6F6D4700BC5364;
			productRefGroup = 150660581F6F6D4700BC5364 /* Products */;
			projectDirPath = "";
			projectRoot = "";
			targets = (
				150660561F6F6D4700BC5364 /* Greencopper Spotify Test */,
			);
		};
/* End PBXProject section */

/* Begin PBXResourcesBuildPhase section */
		150660551F6F6D4700BC5364 /* Resources */ = {
			isa = PBXResourcesBuildPhase;
			buildActionMask = 2147483647;
			files = (
				15FA7CE31F6F84E200DA3695 /* Info.plist in Resources */,
				1506607A1F6F7F1400BC5364 /* Main.storyboard in Resources */,
				150660781F6F7F1400BC5364 /* Assets.xcassets in Resources */,
				150660791F6F7F1400BC5364 /* LaunchScreen.storyboard in Resources */,
			);
			runOnlyForDeploymentPostprocessing = 0;
		};
/* End PBXResourcesBuildPhase section */

/* Begin PBXShellScriptBuildPhase section */
		0F9C602DBECE9123C9F26725 /* [CP] Check Pods Manifest.lock */ = {
			isa = PBXShellScriptBuildPhase;
			buildActionMask = 2147483647;
			files = (
			);
			inputPaths = (
			);
			name = "[CP] Check Pods Manifest.lock";
			outputPaths = (
			);
			runOnlyForDeploymentPostprocessing = 0;
			shellPath = /bin/sh;
			shellScript = "diff \"${PODS_PODFILE_DIR_PATH}/Podfile.lock\" \"${PODS_ROOT}/Manifest.lock\" > /dev/null\nif [ $? != 0 ] ; then\n    # print error to STDERR\n    echo \"error: The sandbox is not in sync with the Podfile.lock. Run 'pod install' or update your CocoaPods installation.\" >&2\n    exit 1\nfi\n";
			showEnvVarsInLog = 0;
		};
		19A4568E790BB562E6E42451 /* [CP] Copy Pods Resources */ = {
			isa = PBXShellScriptBuildPhase;
			buildActionMask = 2147483647;
			files = (
			);
			inputPaths = (
			);
			name = "[CP] Copy Pods Resources";
			outputPaths = (
			);
			runOnlyForDeploymentPostprocessing = 0;
			shellPath = /bin/sh;
			shellScript = "\"${SRCROOT}/Pods/Target Support Files/Pods-Greencopper Spotify Test/Pods-Greencopper Spotify Test-resources.sh\"\n";
			showEnvVarsInLog = 0;
		};
		E56C796968B5A1F8BBB66562 /* [CP] Embed Pods Frameworks */ = {
			isa = PBXShellScriptBuildPhase;
			buildActionMask = 2147483647;
			files = (
			);
			inputPaths = (
			);
			name = "[CP] Embed Pods Frameworks";
			outputPaths = (
			);
			runOnlyForDeploymentPostprocessing = 0;
			shellPath = /bin/sh;
			shellScript = "\"${SRCROOT}/Pods/Target Support Files/Pods-Greencopper Spotify Test/Pods-Greencopper Spotify Test-frameworks.sh\"\n";
			showEnvVarsInLog = 0;
		};
/* End PBXShellScriptBuildPhase section */

/* Begin PBXSourcesBuildPhase section */
		150660531F6F6D4700BC5364 /* Sources */ = {
			isa = PBXSourcesBuildPhase;
			buildActionMask = 2147483647;
			files = (
				C2A45F6F1F6FFBEC00143491 /* LoginViewController.swift in Sources */,
				C280C38C1F700B8F004C8DA5 /* MediaPlayer.swift in Sources */,
				C2A45F711F6FFCE600143491 /* UIColor.swift in Sources */,
				1506606F1F6F7F0D00BC5364 /* AppDelegate.swift in Sources */,
			);
			runOnlyForDeploymentPostprocessing = 0;
		};
/* End PBXSourcesBuildPhase section */

/* Begin PBXVariantGroup section */
		150660731F6F7F1400BC5364 /* LaunchScreen.storyboard */ = {
			isa = PBXVariantGroup;
			children = (
				150660741F6F7F1400BC5364 /* Base */,
			);
			name = LaunchScreen.storyboard;
			sourceTree = "<group>";
		};
		150660751F6F7F1400BC5364 /* Main.storyboard */ = {
			isa = PBXVariantGroup;
			children = (
				150660761F6F7F1400BC5364 /* Base */,
			);
			name = Main.storyboard;
			sourceTree = "<group>";
		};
/* End PBXVariantGroup section */

/* Begin XCBuildConfiguration section */
		150660671F6F6D4700BC5364 /* Debug */ = {
			isa = XCBuildConfiguration;
			buildSettings = {
				ALWAYS_SEARCH_USER_PATHS = NO;
				CLANG_ANALYZER_NONNULL = YES;
				CLANG_ANALYZER_NUMBER_OBJECT_CONVERSION = YES_AGGRESSIVE;
				CLANG_CXX_LANGUAGE_STANDARD = "gnu++0x";
				CLANG_CXX_LIBRARY = "libc++";
				CLANG_ENABLE_MODULES = YES;
				CLANG_ENABLE_OBJC_ARC = YES;
				CLANG_WARN_BOOL_CONVERSION = YES;
				CLANG_WARN_CONSTANT_CONVERSION = YES;
				CLANG_WARN_DIRECT_OBJC_ISA_USAGE = YES_ERROR;
				CLANG_WARN_DOCUMENTATION_COMMENTS = YES;
				CLANG_WARN_EMPTY_BODY = YES;
				CLANG_WARN_ENUM_CONVERSION = YES;
				CLANG_WARN_INFINITE_RECURSION = YES;
				CLANG_WARN_INT_CONVERSION = YES;
				CLANG_WARN_OBJC_ROOT_CLASS = YES_ERROR;
				CLANG_WARN_SUSPICIOUS_MOVE = YES;
				CLANG_WARN_UNREACHABLE_CODE = YES;
				CLANG_WARN__DUPLICATE_METHOD_MATCH = YES;
				"CODE_SIGN_IDENTITY[sdk=iphoneos*]" = "iPhone Developer";
				COPY_PHASE_STRIP = NO;
				DEBUG_INFORMATION_FORMAT = dwarf;
				ENABLE_STRICT_OBJC_MSGSEND = YES;
				ENABLE_TESTABILITY = YES;
				GCC_C_LANGUAGE_STANDARD = gnu99;
				GCC_DYNAMIC_NO_PIC = NO;
				GCC_NO_COMMON_BLOCKS = YES;
				GCC_OPTIMIZATION_LEVEL = 0;
				GCC_PREPROCESSOR_DEFINITIONS = (
					"DEBUG=1",
					"$(inherited)",
				);
				GCC_WARN_64_TO_32_BIT_CONVERSION = YES;
				GCC_WARN_ABOUT_RETURN_TYPE = YES_ERROR;
				GCC_WARN_UNDECLARED_SELECTOR = YES;
				GCC_WARN_UNINITIALIZED_AUTOS = YES_AGGRESSIVE;
				GCC_WARN_UNUSED_FUNCTION = YES;
				GCC_WARN_UNUSED_VARIABLE = YES;
				IPHONEOS_DEPLOYMENT_TARGET = 10.3;
				MTL_ENABLE_DEBUG_INFO = YES;
				ONLY_ACTIVE_ARCH = YES;
				SDKROOT = iphoneos;
				SWIFT_ACTIVE_COMPILATION_CONDITIONS = DEBUG;
				SWIFT_OPTIMIZATION_LEVEL = "-Onone";
				TARGETED_DEVICE_FAMILY = "1,2";
			};
			name = Debug;
		};
		150660681F6F6D4700BC5364 /* Release */ = {
			isa = XCBuildConfiguration;
			buildSettings = {
				ALWAYS_SEARCH_USER_PATHS = NO;
				CLANG_ANALYZER_NONNULL = YES;
				CLANG_ANALYZER_NUMBER_OBJECT_CONVERSION = YES_AGGRESSIVE;
				CLANG_CXX_LANGUAGE_STANDARD = "gnu++0x";
				CLANG_CXX_LIBRARY = "libc++";
				CLANG_ENABLE_MODULES = YES;
				CLANG_ENABLE_OBJC_ARC = YES;
				CLANG_WARN_BOOL_CONVERSION = YES;
				CLANG_WARN_CONSTANT_CONVERSION = YES;
				CLANG_WARN_DIRECT_OBJC_ISA_USAGE = YES_ERROR;
				CLANG_WARN_DOCUMENTATION_COMMENTS = YES;
				CLANG_WARN_EMPTY_BODY = YES;
				CLANG_WARN_ENUM_CONVERSION = YES;
				CLANG_WARN_INFINITE_RECURSION = YES;
				CLANG_WARN_INT_CONVERSION = YES;
				CLANG_WARN_OBJC_ROOT_CLASS = YES_ERROR;
				CLANG_WARN_SUSPICIOUS_MOVE = YES;
				CLANG_WARN_UNREACHABLE_CODE = YES;
				CLANG_WARN__DUPLICATE_METHOD_MATCH = YES;
				"CODE_SIGN_IDENTITY[sdk=iphoneos*]" = "iPhone Developer";
				COPY_PHASE_STRIP = NO;
				DEBUG_INFORMATION_FORMAT = "dwarf-with-dsym";
				ENABLE_NS_ASSERTIONS = NO;
				ENABLE_STRICT_OBJC_MSGSEND = YES;
				GCC_C_LANGUAGE_STANDARD = gnu99;
				GCC_NO_COMMON_BLOCKS = YES;
				GCC_WARN_64_TO_32_BIT_CONVERSION = YES;
				GCC_WARN_ABOUT_RETURN_TYPE = YES_ERROR;
				GCC_WARN_UNDECLARED_SELECTOR = YES;
				GCC_WARN_UNINITIALIZED_AUTOS = YES_AGGRESSIVE;
				GCC_WARN_UNUSED_FUNCTION = YES;
				GCC_WARN_UNUSED_VARIABLE = YES;
				IPHONEOS_DEPLOYMENT_TARGET = 10.3;
				MTL_ENABLE_DEBUG_INFO = NO;
				SDKROOT = iphoneos;
				SWIFT_OPTIMIZATION_LEVEL = "-Owholemodule";
				TARGETED_DEVICE_FAMILY = "1,2";
				VALIDATE_PRODUCT = YES;
			};
			name = Release;
		};
		1506606A1F6F6D4700BC5364 /* Debug */ = {
			isa = XCBuildConfiguration;
			baseConfigurationReference = 164F326A92F9B9E7E423CAFB /* Pods-Greencopper Spotify Test.debug.xcconfig */;
			buildSettings = {
				ASSETCATALOG_COMPILER_APPICON_NAME = AppIcon;
				CLANG_ENABLE_MODULES = YES;
				FRAMEWORK_SEARCH_PATHS = (
					"$(inherited)",
					"$(PROJECT_DIR)/Greencopper\\ Spotify\\ Test/Frameworks",
					"$(PROJECT_DIR)/Greencopper\\ Spotify\\ Test/Frameworks",
					"$(PROJECT_DIR)/Greencopper\\ Spotify\\ Test/Frameworks",
				);
				INFOPLIST_FILE = "Greencopper Spotify Test/Info.plist";
				LD_RUNPATH_SEARCH_PATHS = "$(inherited) @executable_path/Frameworks";
				OTHER_LDFLAGS = "-ObjC";
				PRODUCT_BUNDLE_IDENTIFIER = "com.wfratczak.Greencopper-Spotify-Test";
				PRODUCT_NAME = "$(TARGET_NAME)";
				SWIFT_OBJC_BRIDGING_HEADER = "Greencopper Spotify Test/Source/Greencopper Spotify Test-Bridging-Header.h";
				SWIFT_OPTIMIZATION_LEVEL = "-Onone";
				SWIFT_VERSION = 3.0;
			};
			name = Debug;
		};
		1506606B1F6F6D4700BC5364 /* Release */ = {
			isa = XCBuildConfiguration;
			baseConfigurationReference = 008668DDBA9718EBA0794A78 /* Pods-Greencopper Spotify Test.release.xcconfig */;
			buildSettings = {
				ASSETCATALOG_COMPILER_APPICON_NAME = AppIcon;
				CLANG_ENABLE_MODULES = YES;
				FRAMEWORK_SEARCH_PATHS = (
					"$(inherited)",
					"$(PROJECT_DIR)/Greencopper\\ Spotify\\ Test/Frameworks",
					"$(PROJECT_DIR)/Greencopper\\ Spotify\\ Test/Frameworks",
					"$(PROJECT_DIR)/Greencopper\\ Spotify\\ Test/Frameworks",
				);
				INFOPLIST_FILE = "Greencopper Spotify Test/Info.plist";
				LD_RUNPATH_SEARCH_PATHS = "$(inherited) @executable_path/Frameworks";
				OTHER_LDFLAGS = "-ObjC";
				PRODUCT_BUNDLE_IDENTIFIER = "com.wfratczak.Greencopper-Spotify-Test";
				PRODUCT_NAME = "$(TARGET_NAME)";
				SWIFT_OBJC_BRIDGING_HEADER = "Greencopper Spotify Test/Source/Greencopper Spotify Test-Bridging-Header.h";
				SWIFT_VERSION = 3.0;
			};
			name = Release;
		};
/* End XCBuildConfiguration section */

/* Begin XCConfigurationList section */
		150660521F6F6D4700BC5364 /* Build configuration list for PBXProject "Greencopper Spotify Test" */ = {
			isa = XCConfigurationList;
			buildConfigurations = (
				150660671F6F6D4700BC5364 /* Debug */,
				150660681F6F6D4700BC5364 /* Release */,
			);
			defaultConfigurationIsVisible = 0;
			defaultConfigurationName = Release;
		};
		150660691F6F6D4700BC5364 /* Build configuration list for PBXNativeTarget "Greencopper Spotify Test" */ = {
			isa = XCConfigurationList;
			buildConfigurations = (
				1506606A1F6F6D4700BC5364 /* Debug */,
				1506606B1F6F6D4700BC5364 /* Release */,
			);
			defaultConfigurationIsVisible = 0;
			defaultConfigurationName = Release;
		};
/* End XCConfigurationList section */
	};
	rootObject = 1506604F1F6F6D4700BC5364 /* Project object */;
}
